
Microsoft Visual Studio Solution File, Format Version 12.00
# Visual Studio Version 17
VisualStudioVersion = 17.5.002.0
MinimumVisualStudioVersion = 10.0.40219.1
Project("{2150E333-8FDC-42A3-9474-1A3956D46DE8}") = "HabitTracker.MaxNoragami", "HabitTracker.MaxNoragami", "{EE0E2539-B770-424B-BF82-4650D26626B3}"
EndProject
Project("{9A19103F-16F7-4668-BE54-9A1E7A4F7556}") = "HabitTracker.MaxNoragami", "HabitTracker.MaxNoragami\HabitTracker.MaxNoragami\HabitTracker.MaxNoragami.csproj", "{43FF6168-D630-4210-9155-36C37FD1458C}"
EndProject
Global
	GlobalSection(SolutionConfigurationPlatforms) = preSolution
		Debug|Any CPU = Debug|Any CPU
		Release|Any CPU = Release|Any CPU
	EndGlobalSection
	GlobalSection(ProjectConfigurationPlatforms) = postSolution
		{43FF6168-D630-4210-9155-36C37FD1458C}.Debug|Any CPU.ActiveCfg = Debug|Any CPU
		{43FF6168-D630-4210-9155-36C37FD1458C}.Debug|Any CPU.Build.0 = Debug|Any CPU
		{43FF6168-D630-4210-9155-36C37FD1458C}.Release|Any CPU.ActiveCfg = Release|Any CPU
		{43FF6168-D630-4210-9155-36C37FD1458C}.Release|Any CPU.Build.0 = Release|Any CPU
	EndGlobalSection
	GlobalSection(SolutionProperties) = preSolution
		HideSolutionNode = FALSE
	EndGlobalSection
	GlobalSection(NestedProjects) = preSolution
		{43FF6168-D630-4210-9155-36C37FD1458C} = {EE0E2539-B770-424B-BF82-4650D26626B3}
	EndGlobalSection
	GlobalSection(ExtensibilityGlobals) = postSolution
		SolutionGuid = {B4A9304C-9616-46F8-8675-D159398ECC03}
	EndGlobalSection
EndGlobal
